
Microsoft Visual Studio Solution File, Format Version 12.00
# Visual Studio Version 17
VisualStudioVersion = 17.9.34902.65
MinimumVisualStudioVersion = 10.0.40219.1
Project("{FAE04EC0-301F-11D3-BF4B-00C04F79EFBC}") = "ShapesLibrary", "ShapesLibrary\ShapesLibrary.csproj", "{BC350B78-5E45-466D-A569-277CBF484C23}"
EndProject
Global
	GlobalSection(SolutionConfigurationPlatforms) = preSolution
		Debug|Any CPU = Debug|Any CPU
		Release|Any CPU = Release|Any CPU
	EndGlobalSection
	GlobalSection(ProjectConfigurationPlatforms) = postSolution
		{BC350B78-5E45-466D-A569-277CBF484C23}.Debug|Any CPU.ActiveCfg = Debug|Any CPU
		{BC350B78-5E45-466D-A569-277CBF484C23}.Debug|Any CPU.Build.0 = Debug|Any CPU
		{BC350B78-5E45-466D-A569-277CBF484C23}.Release|Any CPU.ActiveCfg = Release|Any CPU
		{BC350B78-5E45-466D-A569-277CBF484C23}.Release|Any CPU.Build.0 = Release|Any CPU
	EndGlobalSection
	GlobalSection(SolutionProperties) = preSolution
		HideSolutionNode = FALSE
	EndGlobalSection
	GlobalSection(ExtensibilityGlobals) = postSolution
		SolutionGuid = {A53788FD-DE99-4D9C-9352-2A697D1A35C4}
	EndGlobalSection
EndGlobal
